
Microsoft Visual Studio Solution File, Format Version 12.00
# Visual Studio Version 17
VisualStudioVersion = 17.9.34701.34
MinimumVisualStudioVersion = 10.0.40219.1
Project("{8BC9CEB8-8B4A-11D0-8D11-00A0C91BC942}") = "BitByte", "BitByte.vcxproj", "{D0872A94-7C71-4932-BB9E-6BF9276A3EFD}"
EndProject
Project("{54435603-DBB4-11D2-8724-00A0C9A8B90C}") = "BitByte", "..\installer\BitByte\BitByte.vdproj", "{36702DA1-204E-4A5D-878B-BC4879AEAA2D}"
EndProject
Global
	GlobalSection(SolutionConfigurationPlatforms) = preSolution
		Debug|x64 = Debug|x64
		Debug|x86 = Debug|x86
		Release|x64 = Release|x64
		Release|x86 = Release|x86
	EndGlobalSection
	GlobalSection(ProjectConfigurationPlatforms) = postSolution
		{D0872A94-7C71-4932-BB9E-6BF9276A3EFD}.Debug|x64.ActiveCfg = Debug|x64
		{D0872A94-7C71-4932-BB9E-6BF9276A3EFD}.Debug|x64.Build.0 = Debug|x64
		{D0872A94-7C71-4932-BB9E-6BF9276A3EFD}.Debug|x86.ActiveCfg = Debug|Win32
		{D0872A94-7C71-4932-BB9E-6BF9276A3EFD}.Debug|x86.Build.0 = Debug|Win32
		{D0872A94-7C71-4932-BB9E-6BF9276A3EFD}.Release|x64.ActiveCfg = Release|x64
		{D0872A94-7C71-4932-BB9E-6BF9276A3EFD}.Release|x64.Build.0 = Release|x64
		{D0872A94-7C71-4932-BB9E-6BF9276A3EFD}.Release|x86.ActiveCfg = Release|Win32
		{D0872A94-7C71-4932-BB9E-6BF9276A3EFD}.Release|x86.Build.0 = Release|Win32
		{36702DA1-204E-4A5D-878B-BC4879AEAA2D}.Debug|x64.ActiveCfg = Debug
		{36702DA1-204E-4A5D-878B-BC4879AEAA2D}.Debug|x86.ActiveCfg = Debug
		{36702DA1-204E-4A5D-878B-BC4879AEAA2D}.Release|x64.ActiveCfg = Release
		{36702DA1-204E-4A5D-878B-BC4879AEAA2D}.Release|x86.ActiveCfg = Release
	EndGlobalSection
	GlobalSection(SolutionProperties) = preSolution
		HideSolutionNode = FALSE
	EndGlobalSection
	GlobalSection(ExtensibilityGlobals) = postSolution
		SolutionGuid = {08FFAC29-17C6-44A7-BE56-BA41FCB0EDDF}
	EndGlobalSection
EndGlobal
